github.com/hugomods/icons v0.6.6 h1:gGlafcBDRP7sSID+tgLcWdog+s/QBj8DIfU+h9tZj1U=
github.com/hugomods/icons v0.6.6/go.mod h1:cIkSvK6W0q6N4U6n9KGz+QfRWQXAW0INd+1P31gPNGg=
github.com/hugomods/icons/vendors/font-awesome v0.6.12 h1:I8ckJFuxr8mD8bJ4NX9NrmnHd3f6XvITuD2ME8a9wXc=
github.com/hugomods/icons/vendors/font-awesome v0.6.12/go.mod h1:6YBo/5GaNpAocKwnKNWcd9xkliiRJXmwz2mstY5lr9I=
github.com/hugomods/images v0.11.2 h1:d7u3c/ePboeOGx8OI5eUnilpA79YvD7KJjUgqVMR83Y=
github.com/hugomods/images v0.11.2/go.mod h1:U6Gwj16LKvk66rOMyGFrnF6f0aV8lT89lqOsckOAjYY=
github.com/hugomods/katex v0.3.3 h1:TX6Tl5jgYXAXcNWKTC/0vI8p9MSBfwkVMTgJfakM3XA=
github.com/hugomods/katex v0.3.3/go.mod h1:i+fKI52f3QbiuK0ug5yRCB9ZJ/qUFERTk8UGuSZMQNQ=
github.com/hugomods/mermaid v0.1.4 h1:/u0FZRSBMpqTbDh4XPBL7c6p0DUjvIkoo9cC89GASSI=
github.com/hugomods/mermaid v0.1.4/go.mod h1:GOID2Ko1vdrX03ZMaFNQL/vdTU1tZmGcVjOgBN8O42Y=
github.com/hugomods/shortcodes v0.23.0 h1:ZB7bY7vvx917IkXg+ab08QD5H4biKzAsLKDMrWeoziI=
github.com/hugomods/shortcodes v0.23.0/go.mod h1:EnVopbZMNI/HeteM3Lp3phBTCRLvPSe7l142qhRFFPY=
github.com/rhazdon/hugo-theme-hello-friend-ng v0.0.0-20241017223711-b4559bffdbc2 h1:y/5gugFhvUmJFcF2vfKoshApq+Kn8QF/PoPXKJ4f8HY=
github.com/rhazdon/hugo-theme-hello-friend-ng v0.0.0-20241017223711-b4559bffdbc2/go.mod h1:qzfSzxZEtVIkUEYnXdJV8PmJZMTSSZkfek5uhxFdpHA=
