github.com/hugomods/images v0.8.0 h1:rsI+Akwbz+Vd3mI0leAlCD8R696usHw13nH972mTe4E=
github.com/hugomods/images v0.8.0/go.mod h1:U6Gwj16LKvk66rOMyGFrnF6f0aV8lT89lqOsckOAjYY=
github.com/hugomods/katex v0.3.0 h1:hq0Kels9clL38Y2K/QZgXFKF7hQuumyQYz16TT4/Hhk=
github.com/hugomods/katex v0.3.0/go.mod h1:EBY1YQTN6F8FDQz+mWp3EzEh8vDN31YjL9luVni+Wm0=
github.com/hugomods/mermaid v0.1.1 h1:12b8DbdiKOTtPmkWOMXsBz3LKkAWVqa5tGkbEboj0a4=
github.com/hugomods/mermaid v0.1.1/go.mod h1:7sKIZLAeYsXXnKRh4KR70UQx27xnzf0mSQ2o99zTLS0=
github.com/roninro/hugo-theme-puppet v0.0.0-20221128071334-71e55a893702 h1:iCm03hvbQHdJdm/uR8tZ8JYP5DKW5neDnRtRbMFXBhI=
github.com/roninro/hugo-theme-puppet v0.0.0-20221128071334-71e55a893702/go.mod h1:UfLjcFK9KAg496oUSQIE2DGpx7pFeo7LF8VcaOYkX0Y=
